hash: abb645d68a9374bcef09a0386b93c69ddb2f8381acbe90cba2b5ba996b10bfa4
updated: 2016-12-23T22:22:05.104679838-06:00
imports:
- name: github.com/pkg/errors
  version: 645ef00459ed84a119197bfb8d8205042c6df63d
- name: github.com/scgolang/nsm
  version: 6874acb9f16efd26063cd8279ca84df5fee35bc7
- name: github.com/scgolang/osc
  version: 21c5315c581b7ca8d38d1dbf31ddb7d414eec81b
- name: golang.org/x/net
  version: 45e771701b814666a7eb299e6c7a57d0b1799e91
  subpackages:
  - context
- name: golang.org/x/sync
  version: 450f422ab23cf9881c94e2db30cac0eb1b7cf80c
  subpackages:
  - errgroup
testImports: []
